// !$*UTF8*$!
{
	archiveVersion = 1;
	classes = {
	};
	objectVersion = 56;
	objects = {

/* Begin PBXBuildFile section */
		67FF2A372AABF74C001DA3F9 /* AppDelegate.swift in Sources */ = {isa = PBXBuildFile; fileRef = 67FF2A362AABF74C001DA3F9 /* AppDelegate.swift */; };
		67FF2A392AABF74C001DA3F9 /* SceneDelegate.swift in Sources */ = {isa = PBXBuildFile; fileRef = 67FF2A382AABF74C001DA3F9 /* SceneDelegate.swift */; };
		67FF2A3B2AABF74C001DA3F9 /* ViewController.swift in Sources */ = {isa = PBXBuildFile; fileRef = 67FF2A3A2AABF74C001DA3F9 /* ViewController.swift */; };
		67FF2A3E2AABF74C001DA3F9 /* Main.storyboard in Resources */ = {isa = PBXBuildFile; fileRef = 67FF2A3C2AABF74C001DA3F9 /* Main.storyboard */; };
		67FF2A402AABF74D001DA3F9 /* Assets.xcassets in Resources */ = {isa = PBXBuildFile; fileRef = 67FF2A3F2AABF74D001DA3F9 /* Assets.xcassets */; };
		67FF2A432AABF74D001DA3F9 /* LaunchScreen.storyboard in Resources */ = {isa = PBXBuildFile; fileRef = 67FF2A412AABF74D001DA3F9 /* LaunchScreen.storyboard */; };
		67FF2A4E2AABF74D001DA3F9 /* PlayWithAlphaNumericsAppTests.swift in Sources */ = {isa = PBXBuildFile; fileRef = 67FF2A4D2AABF74D001DA3F9 /* PlayWithAlphaNumericsAppTests.swift */; };
		67FF2A582AABF74D001DA3F9 /* PlayWithAlphaNumericsAppUITests.swift in Sources */ = {isa = PBXBuildFile; fileRef = 67FF2A572AABF74D001DA3F9 /* PlayWithAlphaNumericsAppUITests.swift */; };
		67FF2A5A2AABF74D001DA3F9 /* PlayWithAlphaNumericsAppUITestsLaunchTests.swift in Sources */ = {isa = PBXBuildFile; fileRef = 67FF2A592AABF74D001DA3F9 /* PlayWithAlphaNumericsAppUITestsLaunchTests.swift */; };
/* End PBXBuildFile section */

/* Begin PBXContainerItemProxy section */
		67FF2A4A2AABF74D001DA3F9 /* PBXContainerItemProxy */ = {
			isa = PBXContainerItemProxy;
			containerPortal = 67FF2A2B2AABF74C001DA3F9 /* Project object */;
			proxyType = 1;
			remoteGlobalIDString = 67FF2A322AABF74C001DA3F9;
			remoteInfo = PlayWithAlphaNumericsApp;
		};
		67FF2A542AABF74D001DA3F9 /* PBXContainerItemProxy */ = {
			isa = PBXContainerItemProxy;
			containerPortal = 67FF2A2B2AABF74C001DA3F9 /* Project object */;
			proxyType = 1;
			remoteGlobalIDString = 67FF2A322AABF74C001DA3F9;
			remoteInfo = PlayWithAlphaNumericsApp;
		};
/* End PBXContainerItemProxy section */

/* Begin PBXFileReference section */
		67FF2A332AABF74C001DA3F9 /* PlayWithAlphaNumericsApp.app */ = {isa = PBXFileReference; explicitFileType = wrapper.application; includeInIndex = 0; path = PlayWithAlphaNumericsApp.app; sourceTree = BUILT_PRODUCTS_DIR; };
		67FF2A362AABF74C001DA3F9 /* AppDelegate.swift */ = {isa = PBXFileReference; lastKnownFileType = sourcecode.swift; path = AppDelegate.swift; sourceTree = "<group>"; };
		67FF2A382AABF74C001DA3F9 /* SceneDelegate.swift */ = {isa = PBXFileReference; lastKnownFileType = sourcecode.swift; path = SceneDelegate.swift; sourceTree = "<group>"; };
		67FF2A3A2AABF74C001DA3F9 /* ViewController.swift */ = {isa = PBXFileReference; lastKnownFileType = sourcecode.swift; path = ViewController.swift; sourceTree = "<group>"; };
		67FF2A3D2AABF74C001DA3F9 /* Base */ = {isa = PBXFileReference; lastKnownFileType = file.storyboard; name = Base; path = Base.lproj/Main.storyboard; sourceTree = "<group>"; };
		67FF2A3F2AABF74D001DA3F9 /* Assets.xcassets */ = {isa = PBXFileReference; lastKnownFileType = folder.assetcatalog; path = Assets.xcassets; sourceTree = "<group>"; };
		67FF2A422AABF74D001DA3F9 /* Base */ = {isa = PBXFileReference; lastKnownFileType = file.storyboard; name = Base; path = Base.lproj/LaunchScreen.storyboard; sourceTree = "<group>"; };
		67FF2A442AABF74D001DA3F9 /* Info.plist */ = {isa = PBXFileReference; lastKnownFileType = text.plist.xml; path = Info.plist; sourceTree = "<group>"; };
		67FF2A492AABF74D001DA3F9 /* PlayWithAlphaNumericsAppTests.xctest */ = {isa = PBXFileReference; explicitFileType = wrapper.cfbundle; includeInIndex = 0; path = PlayWithAlphaNumericsAppTests.xctest; sourceTree = BUILT_PRODUCTS_DIR; };
		67FF2A4D2AABF74D001DA3F9 /* PlayWithAlphaNumericsAppTests.swift */ = {isa = PBXFileReference; lastKnownFileType = sourcecode.swift; path = PlayWithAlphaNumericsAppTests.swift; sourceTree = "<group>"; };
		67FF2A532AABF74D001DA3F9 /* PlayWithAlphaNumericsAppUITests.xctest */ = {isa = PBXFileReference; explicitFileType = wrapper.cfbundle; includeInIndex = 0; path = PlayWithAlphaNumericsAppUITests.xctest; sourceTree = BUILT_PRODUCTS_DIR; };
		67FF2A572AABF74D001DA3F9 /* PlayWithAlphaNumericsAppUITests.swift */ = {isa = PBXFileReference; lastKnownFileType = sourcecode.swift; path = PlayWithAlphaNumericsAppUITests.swift; sourceTree = "<group>"; };
		67FF2A592AABF74D001DA3F9 /* PlayWithAlphaNumericsAppUITestsLaunchTests.swift */ = {isa = PBXFileReference; lastKnownFileType = sourcecode.swift; path = PlayWithAlphaNumericsAppUITestsLaunchTests.swift; sourceTree = "<group>"; };
/* End PBXFileReference section */

/* Begin PBXFrameworksBuildPhase section */
		67FF2A302AABF74C001DA3F9 /* Frameworks */ = {
			isa = PBXFrameworksBuildPhase;
			buildActionMask = 2147483647;
			files = (
			);
			runOnlyForDeploymentPostprocessing = 0;
		};
		67FF2A462AABF74D001DA3F9 /* Frameworks */ = {
			isa = PBXFrameworksBuildPhase;
			buildActionMask = 2147483647;
			files = (
			);
			runOnlyForDeploymentPostprocessing = 0;
		};
		67FF2A502AABF74D001DA3F9 /* Frameworks */ = {
			isa = PBXFrameworksBuildPhase;
			buildActionMask = 2147483647;
			files = (
			);
			runOnlyForDeploymentPostprocessing = 0;
		};
/* End PBXFrameworksBuildPhase section */

/* Begin PBXGroup section */
		67FF2A2A2AABF74C001DA3F9 = {
			isa = PBXGroup;
			children = (
				67FF2A352AABF74C001DA3F9 /* PlayWithAlphaNumericsApp */,
				67FF2A4C2AABF74D001DA3F9 /* PlayWithAlphaNumericsAppTests */,
				67FF2A562AABF74D001DA3F9 /* PlayWithAlphaNumericsAppUITests */,
				67FF2A342AABF74C001DA3F9 /* Products */,
			);
			sourceTree = "<group>";
		};
		67FF2A342AABF74C001DA3F9 /* Products */ = {
			isa = PBXGroup;
			children = (
				67FF2A332AABF74C001DA3F9 /* PlayWithAlphaNumericsApp.app */,
				67FF2A492AABF74D001DA3F9 /* PlayWithAlphaNumericsAppTests.xctest */,
				67FF2A532AABF74D001DA3F9 /* PlayWithAlphaNumericsAppUITests.xctest */,
			);
			name = Products;
			sourceTree = "<group>";
		};
		67FF2A352AABF74C001DA3F9 /* PlayWithAlphaNumericsApp */ = {
			isa = PBXGroup;
			children = (
				67FF2A362AABF74C001DA3F9 /* AppDelegate.swift */,
				67FF2A382AABF74C001DA3F9 /* SceneDelegate.swift */,
				67FF2A3A2AABF74C001DA3F9 /* ViewController.swift */,
				67FF2A3C2AABF74C001DA3F9 /* Main.storyboard */,
				67FF2A3F2AABF74D001DA3F9 /* Assets.xcassets */,
				67FF2A412AABF74D001DA3F9 /* LaunchScreen.storyboard */,
				67FF2A442AABF74D001DA3F9 /* Info.plist */,
			);
			path = PlayWithAlphaNumericsApp;
			sourceTree = "<group>";
		};
		67FF2A4C2AABF74D001DA3F9 /* PlayWithAlphaNumericsAppTests */ = {
			isa = PBXGroup;
			children = (
				67FF2A4D2AABF74D001DA3F9 /* PlayWithAlphaNumericsAppTests.swift */,
			);
			path = PlayWithAlphaNumericsAppTests;
			sourceTree = "<group>";
		};
		67FF2A562AABF74D001DA3F9 /* PlayWithAlphaNumericsAppUITests */ = {
			isa = PBXGroup;
			children = (
				67FF2A572AABF74D001DA3F9 /* PlayWithAlphaNumericsAppUITests.swift */,
				67FF2A592AABF74D001DA3F9 /* PlayWithAlphaNumericsAppUITestsLaunchTests.swift */,
			);
			path = PlayWithAlphaNumericsAppUITests;
			sourceTree = "<group>";
		};
/* End PBXGroup section */

/* Begin PBXNativeTarget section */
		67FF2A322AABF74C001DA3F9 /* PlayWithAlphaNumericsApp */ = {
			isa = PBXNativeTarget;
			buildConfigurationList = 67FF2A5D2AABF74D001DA3F9 /* Build configuration list for PBXNativeTarget "PlayWithAlphaNumericsApp" */;
			buildPhases = (
				67FF2A2F2AABF74C001DA3F9 /* Sources */,
				67FF2A302AABF74C001DA3F9 /* Frameworks */,
				67FF2A312AABF74C001DA3F9 /* Resources */,
			);
			buildRules = (
			);
			dependencies = (
			);
			name = PlayWithAlphaNumericsApp;
			productName = PlayWithAlphaNumericsApp;
			productReference = 67FF2A332AABF74C001DA3F9 /* PlayWithAlphaNumericsApp.app */;
			productType = "com.apple.product-type.application";
		};
		67FF2A482AABF74D001DA3F9 /* PlayWithAlphaNumericsAppTests */ = {
			isa = PBXNativeTarget;
			buildConfigurationList = 67FF2A602AABF74D001DA3F9 /* Build configuration list for PBXNativeTarget "PlayWithAlphaNumericsAppTests" */;
			buildPhases = (
				67FF2A452AABF74D001DA3F9 /* Sources */,
				67FF2A462AABF74D001DA3F9 /* Frameworks */,
				67FF2A472AABF74D001DA3F9 /* Resources */,
			);
			buildRules = (
			);
			dependencies = (
				67FF2A4B2AABF74D001DA3F9 /* PBXTargetDependency */,
			);
			name = PlayWithAlphaNumericsAppTests;
			productName = PlayWithAlphaNumericsAppTests;
			productReference = 67FF2A492AABF74D001DA3F9 /* PlayWithAlphaNumericsAppTests.xctest */;
			productType = "com.apple.product-type.bundle.unit-test";
		};
		67FF2A522AABF74D001DA3F9 /* PlayWithAlphaNumericsAppUITests */ = {
			isa = PBXNativeTarget;
			buildConfigurationList = 67FF2A632AABF74D001DA3F9 /* Build configuration list for PBXNativeTarget "PlayWithAlphaNumericsAppUITests" */;
			buildPhases = (
				67FF2A4F2AABF74D001DA3F9 /* Sources */,
				67FF2A502AABF74D001DA3F9 /* Frameworks */,
				67FF2A512AABF74D001DA3F9 /* Resources */,
			);
			buildRules = (
			);
			dependencies = (
				67FF2A552AABF74D001DA3F9 /* PBXTargetDependency */,
			);
			name = PlayWithAlphaNumericsAppUITests;
			productName = PlayWithAlphaNumericsAppUITests;
			productReference = 67FF2A532AABF74D001DA3F9 /* PlayWithAlphaNumericsAppUITests.xctest */;
			productType = "com.apple.product-type.bundle.ui-testing";
		};
/* End PBXNativeTarget section */

/* Begin PBXProject section */
		67FF2A2B2AABF74C001DA3F9 /* Project object */ = {
			isa = PBXProject;
			attributes = {
				BuildIndependentTargetsInParallel = 1;
				LastSwiftUpdateCheck = 1430;
				LastUpgradeCheck = 1430;
				TargetAttributes = {
					67FF2A322AABF74C001DA3F9 = {
						CreatedOnToolsVersion = 14.3.1;
					};
					67FF2A482AABF74D001DA3F9 = {
						CreatedOnToolsVersion = 14.3.1;
						TestTargetID = 67FF2A322AABF74C001DA3F9;
					};
					67FF2A522AABF74D001DA3F9 = {
						CreatedOnToolsVersion = 14.3.1;
						TestTargetID = 67FF2A322AABF74C001DA3F9;
					};
				};
			};
			buildConfigurationList = 67FF2A2E2AABF74C001DA3F9 /* Build configuration list for PBXProject "PlayWithAlphaNumericsApp" */;
			compatibilityVersion = "Xcode 14.0";
			developmentRegion = en;
			hasScannedForEncodings = 0;
			knownRegions = (
				en,
				Base,
			);
			mainGroup = 67FF2A2A2AABF74C001DA3F9;
			productRefGroup = 67FF2A342AABF74C001DA3F9 /* Products */;
			projectDirPath = "";
			projectRoot = "";
			targets = (
				67FF2A322AABF74C001DA3F9 /* PlayWithAlphaNumericsApp */,
				67FF2A482AABF74D001DA3F9 /* PlayWithAlphaNumericsAppTests */,
				67FF2A522AABF74D001DA3F9 /* PlayWithAlphaNumericsAppUITests */,
			);
		};
/* End PBXProject section */

/* Begin PBXResourcesBuildPhase section */
		67FF2A312AABF74C001DA3F9 /* Resources */ = {
			isa = PBXResourcesBuildPhase;
			buildActionMask = 2147483647;
			files = (
				67FF2A432AABF74D001DA3F9 /* LaunchScreen.storyboard in Resources */,
				67FF2A402AABF74D001DA3F9 /* Assets.xcassets in Resources */,
				67FF2A3E2AABF74C001DA3F9 /* Main.storyboard in Resources */,
			);
			runOnlyForDeploymentPostprocessing = 0;
		};
		67FF2A472AABF74D001DA3F9 /* Resources */ = {
			isa = PBXResourcesBuildPhase;
			buildActionMask = 2147483647;
			files = (
			);
			runOnlyForDeploymentPostprocessing = 0;
		};
		67FF2A512AABF74D001DA3F9 /* Resources */ = {
			isa = PBXResourcesBuildPhase;
			buildActionMask = 2147483647;
			files = (
			);
			runOnlyForDeploymentPostprocessing = 0;
		};
/* End PBXResourcesBuildPhase section */

/* Begin PBXSourcesBuildPhase section */
		67FF2A2F2AABF74C001DA3F9 /* Sources */ = {
			isa = PBXSourcesBuildPhase;
			buildActionMask = 2147483647;
			files = (
				67FF2A3B2AABF74C001DA3F9 /* ViewController.swift in Sources */,
				67FF2A372AABF74C001DA3F9 /* AppDelegate.swift in Sources */,
				67FF2A392AABF74C001DA3F9 /* SceneDelegate.swift in Sources */,
			);
			runOnlyForDeploymentPostprocessing = 0;
		};
		67FF2A452AABF74D001DA3F9 /* Sources */ = {
			isa = PBXSourcesBuildPhase;
			buildActionMask = 2147483647;
			files = (
				67FF2A4E2AABF74D001DA3F9 /* PlayWithAlphaNumericsAppTests.swift in Sources */,
			);
			runOnlyForDeploymentPostprocessing = 0;
		};
		67FF2A4F2AABF74D001DA3F9 /* Sources */ = {
			isa = PBXSourcesBuildPhase;
			buildActionMask = 2147483647;
			files = (
				67FF2A582AABF74D001DA3F9 /* PlayWithAlphaNumericsAppUITests.swift in Sources */,
				67FF2A5A2AABF74D001DA3F9 /* PlayWithAlphaNumericsAppUITestsLaunchTests.swift in Sources */,
			);
			runOnlyForDeploymentPostprocessing = 0;
		};
/* End PBXSourcesBuildPhase section */

/* Begin PBXTargetDependency section */
		67FF2A4B2AABF74D001DA3F9 /* PBXTargetDependency */ = {
			isa = PBXTargetDependency;
			target = 67FF2A322AABF74C001DA3F9 /* PlayWithAlphaNumericsApp */;
			targetProxy = 67FF2A4A2AABF74D001DA3F9 /* PBXContainerItemProxy */;
		};
		67FF2A552AABF74D001DA3F9 /* PBXTargetDependency */ = {
			isa = PBXTargetDependency;
			target = 67FF2A322AABF74C001DA3F9 /* PlayWithAlphaNumericsApp */;
			targetProxy = 67FF2A542AABF74D001DA3F9 /* PBXContainerItemProxy */;
		};
/* End PBXTargetDependency section */

/* Begin PBXVariantGroup section */
		67FF2A3C2AABF74C001DA3F9 /* Main.storyboard */ = {
			isa = PBXVariantGroup;
			children = (
				67FF2A3D2AABF74C001DA3F9 /* Base */,
			);
			name = Main.storyboard;
			sourceTree = "<group>";
		};
		67FF2A412AABF74D001DA3F9 /* LaunchScreen.storyboard */ = {
			isa = PBXVariantGroup;
			children = (
				67FF2A422AABF74D001DA3F9 /* Base */,
			);
			name = LaunchScreen.storyboard;
			sourceTree = "<group>";
		};
/* End PBXVariantGroup section */

/* Begin XCBuildConfiguration section */
		67FF2A5B2AABF74D001DA3F9 /* Debug */ = {
			isa = XCBuildConfiguration;
			buildSettings = {
				ALWAYS_SEARCH_USER_PATHS = NO;
				CLANG_ANALYZER_NONNULL = YES;
				CLANG_ANALYZER_NUMBER_OBJECT_CONVERSION = YES_AGGRESSIVE;
				CLANG_CXX_LANGUAGE_STANDARD = "gnu++20";
				CLANG_ENABLE_MODULES = YES;
				CLANG_ENABLE_OBJC_ARC = YES;
				CLANG_ENABLE_OBJC_WEAK = YES;
				CLANG_WARN_BLOCK_CAPTURE_AUTORELEASING = YES;
				CLANG_WARN_BOOL_CONVERSION = YES;
				CLANG_WARN_COMMA = YES;
				CLANG_WARN_CONSTANT_CONVERSION = YES;
				CLANG_WARN_DEPRECATED_OBJC_IMPLEMENTATIONS = YES;
				CLANG_WARN_DIRECT_OBJC_ISA_USAGE = YES_ERROR;
				CLANG_WARN_DOCUMENTATION_COMMENTS = YES;
				CLANG_WARN_EMPTY_BODY = YES;
				CLANG_WARN_ENUM_CONVERSION = YES;
				CLANG_WARN_INFINITE_RECURSION = YES;
				CLANG_WARN_INT_CONVERSION = YES;
				CLANG_WARN_NON_LITERAL_NULL_CONVERSION = YES;
				CLANG_WARN_OBJC_IMPLICIT_RETAIN_SELF = YES;
				CLANG_WARN_OBJC_LITERAL_CONVERSION = YES;
				CLANG_WARN_OBJC_ROOT_CLASS = YES_ERROR;
				CLANG_WARN_QUOTED_INCLUDE_IN_FRAMEWORK_HEADER = YES;
				CLANG_WARN_RANGE_LOOP_ANALYSIS = YES;
				CLANG_WARN_STRICT_PROTOTYPES = YES;
				CLANG_WARN_SUSPICIOUS_MOVE = YES;
				CLANG_WARN_UNGUARDED_AVAILABILITY = YES_AGGRESSIVE;
				CLANG_WARN_UNREACHABLE_CODE = YES;
				CLANG_WARN__DUPLICATE_METHOD_MATCH = YES;
				COPY_PHASE_STRIP = NO;
				DEBUG_INFORMATION_FORMAT = dwarf;
				ENABLE_STRICT_OBJC_MSGSEND = YES;
				ENABLE_TESTABILITY = YES;
				GCC_C_LANGUAGE_STANDARD = gnu11;
				GCC_DYNAMIC_NO_PIC = NO;
				GCC_NO_COMMON_BLOCKS = YES;
				GCC_OPTIMIZATION_LEVEL = 0;
				GCC_PREPROCESSOR_DEFINITIONS = (
					"DEBUG=1",
					"$(inherited)",
				);
				GCC_WARN_64_TO_32_BIT_CONVERSION = YES;
				GCC_WARN_ABOUT_RETURN_TYPE = YES_ERROR;
				GCC_WARN_UNDECLARED_SELECTOR = YES;
				GCC_WARN_UNINITIALIZED_AUTOS = YES_AGGRESSIVE;
				GCC_WARN_UNUSED_FUNCTION = YES;
				GCC_WARN_UNUSED_VARIABLE = YES;
				IPHONEOS_DEPLOYMENT_TARGET = 16.4;
				MTL_ENABLE_DEBUG_INFO = INCLUDE_SOURCE;
				MTL_FAST_MATH = YES;
				ONLY_ACTIVE_ARCH = YES;
				SDKROOT = iphoneos;
				SWIFT_ACTIVE_COMPILATION_CONDITIONS = DEBUG;
				SWIFT_OPTIMIZATION_LEVEL = "-Onone";
			};
			name = Debug;
		};
		67FF2A5C2AABF74D001DA3F9 /* Release */ = {
			isa = XCBuildConfiguration;
			buildSettings = {
				ALWAYS_SEARCH_USER_PATHS = NO;
				CLANG_ANALYZER_NONNULL = YES;
				CLANG_ANALYZER_NUMBER_OBJECT_CONVERSION = YES_AGGRESSIVE;
				CLANG_CXX_LANGUAGE_STANDARD = "gnu++20";
				CLANG_ENABLE_MODULES = YES;
				CLANG_ENABLE_OBJC_ARC = YES;
				CLANG_ENABLE_OBJC_WEAK = YES;
				CLANG_WARN_BLOCK_CAPTURE_AUTORELEASING = YES;
				CLANG_WARN_BOOL_CONVERSION = YES;
				CLANG_WARN_COMMA = YES;
				CLANG_WARN_CONSTANT_CONVERSION = YES;
				CLANG_WARN_DEPRECATED_OBJC_IMPLEMENTATIONS = YES;
				CLANG_WARN_DIRECT_OBJC_ISA_USAGE = YES_ERROR;
				CLANG_WARN_DOCUMENTATION_COMMENTS = YES;
				CLANG_WARN_EMPTY_BODY = YES;
				CLANG_WARN_ENUM_CONVERSION = YES;
				CLANG_WARN_INFINITE_RECURSION = YES;
				CLANG_WARN_INT_CONVERSION = YES;
				CLANG_WARN_NON_LITERAL_NULL_CONVERSION = YES;
				CLANG_WARN_OBJC_IMPLICIT_RETAIN_SELF = YES;
				CLANG_WARN_OBJC_LITERAL_CONVERSION = YES;
				CLANG_WARN_OBJC_ROOT_CLASS = YES_ERROR;
				CLANG_WARN_QUOTED_INCLUDE_IN_FRAMEWORK_HEADER = YES;
				CLANG_WARN_RANGE_LOOP_ANALYSIS = YES;
				CLANG_WARN_STRICT_PROTOTYPES = YES;
				CLANG_WARN_SUSPICIOUS_MOVE = YES;
				CLANG_WARN_UNGUARDED_AVAILABILITY = YES_AGGRESSIVE;
				CLANG_WARN_UNREACHABLE_CODE = YES;
				CLANG_WARN__DUPLICATE_METHOD_MATCH = YES;
				COPY_PHASE_STRIP = NO;
				DEBUG_INFORMATION_FORMAT = "dwarf-with-dsym";
				ENABLE_NS_ASSERTIONS = NO;
				ENABLE_STRICT_OBJC_MSGSEND = YES;
				GCC_C_LANGUAGE_STANDARD = gnu11;
				GCC_NO_COMMON_BLOCKS = YES;
				GCC_WARN_64_TO_32_BIT_CONVERSION = YES;
				GCC_WARN_ABOUT_RETURN_TYPE = YES_ERROR;
				GCC_WARN_UNDECLARED_SELECTOR = YES;
				GCC_WARN_UNINITIALIZED_AUTOS = YES_AGGRESSIVE;
				GCC_WARN_UNUSED_FUNCTION = YES;
				GCC_WARN_UNUSED_VARIABLE = YES;
				IPHONEOS_DEPLOYMENT_TARGET = 16.4;
				MTL_ENABLE_DEBUG_INFO = NO;
				MTL_FAST_MATH = YES;
				SDKROOT = iphoneos;
				SWIFT_COMPILATION_MODE = wholemodule;
				SWIFT_OPTIMIZATION_LEVEL = "-O";
				VALIDATE_PRODUCT = YES;
			};
			name = Release;
		};
		67FF2A5E2AABF74D001DA3F9 /* Debug */ = {
			isa = XCBuildConfiguration;
			buildSettings = {
				ASSETCATALOG_COMPILER_APPICON_NAME = AppIcon;
				ASSETCATALOG_COMPILER_GLOBAL_ACCENT_COLOR_NAME = AccentColor;
				CODE_SIGN_STYLE = Automatic;
				CURRENT_PROJECT_VERSION = 1;
				GENERATE_INFOPLIST_FILE = YES;
				INFOPLIST_FILE = PlayWithAlphaNumericsApp/Info.plist;
				INFOPLIST_KEY_UIApplicationSupportsIndirectInputEvents = YES;
				INFOPLIST_KEY_UILaunchStoryboardName = LaunchScreen;
				INFOPLIST_KEY_UIMainStoryboardFile = Main;
				INFOPLIST_KEY_UISupportedInterfaceOrientations_iPad = "UIInterfaceOrientationPortrait UIInterfaceOrientationPortraitUpsideDown UIInterfaceOrientationLandscapeLeft UIInterfaceOrientationLandscapeRight";
				INFOPLIST_KEY_UISupportedInterfaceOrientations_iPhone = "UIInterfaceOrientationPortrait UIInterfaceOrientationLandscapeLeft UIInterfaceOrientationLandscapeRight";
				LD_RUNPATH_SEARCH_PATHS = (
					"$(inherited)",
					"@executable_path/Frameworks",
				);
				MARKETING_VERSION = 1.0;
				PRODUCT_BUNDLE_IDENTIFIER = edu.northwest.PlayWithAlphaNumericsApp;
				PRODUCT_NAME = "$(TARGET_NAME)";
				SWIFT_EMIT_LOC_STRINGS = YES;
				SWIFT_VERSION = 5.0;
				TARGETED_DEVICE_FAMILY = "1,2";
			};
			name = Debug;
		};
		67FF2A5F2AABF74D001DA3F9 /* Release */ = {
			isa = XCBuildConfiguration;
			buildSettings = {
				ASSETCATALOG_COMPILER_APPICON_NAME = AppIcon;
				ASSETCATALOG_COMPILER_GLOBAL_ACCENT_COLOR_NAME = AccentColor;
				CODE_SIGN_STYLE = Automatic;
				CURRENT_PROJECT_VERSION = 1;
				GENERATE_INFOPLIST_FILE = YES;
				INFOPLIST_FILE = PlayWithAlphaNumericsApp/Info.plist;
				INFOPLIST_KEY_UIApplicationSupportsIndirectInputEvents = YES;
				INFOPLIST_KEY_UILaunchStoryboardName = LaunchScreen;
				INFOPLIST_KEY_UIMainStoryboardFile = Main;
				INFOPLIST_KEY_UISupportedInterfaceOrientations_iPad = "UIInterfaceOrientationPortrait UIInterfaceOrientationPortraitUpsideDown UIInterfaceOrientationLandscapeLeft UIInterfaceOrientationLandscapeRight";
				INFOPLIST_KEY_UISupportedInterfaceOrientations_iPhone = "UIInterfaceOrientationPortrait UIInterfaceOrientationLandscapeLeft UIInterfaceOrientationLandscapeRight";
				LD_RUNPATH_SEARCH_PATHS = (
					"$(inherited)",
					"@executable_path/Frameworks",
				);
				MARKETING_VERSION = 1.0;
				PRODUCT_BUNDLE_IDENTIFIER = edu.northwest.PlayWithAlphaNumericsApp;
				PRODUCT_NAME = "$(TARGET_NAME)";
				SWIFT_EMIT_LOC_STRINGS = YES;
				SWIFT_VERSION = 5.0;
				TARGETED_DEVICE_FAMILY = "1,2";
			};
			name = Release;
		};
		67FF2A612AABF74D001DA3F9 /* Debug */ = {
			isa = XCBuildConfiguration;
			buildSettings = {
				ALWAYS_EMBED_SWIFT_STANDARD_LIBRARIES = YES;
				BUNDLE_LOADER = "$(TEST_HOST)";
				CODE_SIGN_STYLE = Automatic;
				CURRENT_PROJECT_VERSION = 1;
				GENERATE_INFOPLIST_FILE = YES;
				IPHONEOS_DEPLOYMENT_TARGET = 16.4;
				MARKETING_VERSION = 1.0;
				PRODUCT_BUNDLE_IDENTIFIER = edu.northwest.PlayWithAlphaNumericsAppTests;
				PRODUCT_NAME = "$(TARGET_NAME)";
				SWIFT_EMIT_LOC_STRINGS = NO;
				SWIFT_VERSION = 5.0;
				TARGETED_DEVICE_FAMILY = "1,2";
				TEST_HOST = "$(BUILT_PRODUCTS_DIR)/PlayWithAlphaNumericsApp.app/$(BUNDLE_EXECUTABLE_FOLDER_PATH)/PlayWithAlphaNumericsApp";
			};
			name = Debug;
		};
		67FF2A622AABF74D001DA3F9 /* Release */ = {
			isa = XCBuildConfiguration;
			buildSettings = {
				ALWAYS_EMBED_SWIFT_STANDARD_LIBRARIES = YES;
				BUNDLE_LOADER = "$(TEST_HOST)";
				CODE_SIGN_STYLE = Automatic;
				CURRENT_PROJECT_VERSION = 1;
				GENERATE_INFOPLIST_FILE = YES;
				IPHONEOS_DEPLOYMENT_TARGET = 16.4;
				MARKETING_VERSION = 1.0;
				PRODUCT_BUNDLE_IDENTIFIER = edu.northwest.PlayWithAlphaNumericsAppTests;
				PRODUCT_NAME = "$(TARGET_NAME)";
				SWIFT_EMIT_LOC_STRINGS = NO;
				SWIFT_VERSION = 5.0;
				TARGETED_DEVICE_FAMILY = "1,2";
				TEST_HOST = "$(BUILT_PRODUCTS_DIR)/PlayWithAlphaNumericsApp.app/$(BUNDLE_EXECUTABLE_FOLDER_PATH)/PlayWithAlphaNumericsApp";
			};
			name = Release;
		};
		67FF2A642AABF74D001DA3F9 /* Debug */ = {
			isa = XCBuildConfiguration;
			buildSettings = {
				ALWAYS_EMBED_SWIFT_STANDARD_LIBRARIES = YES;
				CODE_SIGN_STYLE = Automatic;
				CURRENT_PROJECT_VERSION = 1;
				GENERATE_INFOPLIST_FILE = YES;
				MARKETING_VERSION = 1.0;
				PRODUCT_BUNDLE_IDENTIFIER = edu.northwest.PlayWithAlphaNumericsAppUITests;
				PRODUCT_NAME = "$(TARGET_NAME)";
				SWIFT_EMIT_LOC_STRINGS = NO;
				SWIFT_VERSION = 5.0;
				TARGETED_DEVICE_FAMILY = "1,2";
				TEST_TARGET_NAME = PlayWithAlphaNumericsApp;
			};
			name = Debug;
		};
		67FF2A652AABF74D001DA3F9 /* Release */ = {
			isa = XCBuildConfiguration;
			buildSettings = {
				ALWAYS_EMBED_SWIFT_STANDARD_LIBRARIES = YES;
				CODE_SIGN_STYLE = Automatic;
				CURRENT_PROJECT_VERSION = 1;
				GENERATE_INFOPLIST_FILE = YES;
				MARKETING_VERSION = 1.0;
				PRODUCT_BUNDLE_IDENTIFIER = edu.northwest.PlayWithAlphaNumericsAppUITests;
				PRODUCT_NAME = "$(TARGET_NAME)";
				SWIFT_EMIT_LOC_STRINGS = NO;
				SWIFT_VERSION = 5.0;
				TARGETED_DEVICE_FAMILY = "1,2";
				TEST_TARGET_NAME = PlayWithAlphaNumericsApp;
			};
			name = Release;
		};
/* End XCBuildConfiguration section */

/* Begin XCConfigurationList section */
		67FF2A2E2AABF74C001DA3F9 /* Build configuration list for PBXProject "PlayWithAlphaNumericsApp" */ = {
			isa = XCConfigurationList;
			buildConfigurations = (
				67FF2A5B2AABF74D001DA3F9 /* Debug */,
				67FF2A5C2AABF74D001DA3F9 /* Release */,
			);
			defaultConfigurationIsVisible = 0;
			defaultConfigurationName = Release;
		};
		67FF2A5D2AABF74D001DA3F9 /* Build configuration list for PBXNativeTarget "PlayWithAlphaNumericsApp" */ = {
			isa = XCConfigurationList;
			buildConfigurations = (
				67FF2A5E2AABF74D001DA3F9 /* Debug */,
				67FF2A5F2AABF74D001DA3F9 /* Release */,
			);
			defaultConfigurationIsVisible = 0;
			defaultConfigurationName = Release;
		};
		67FF2A602AABF74D001DA3F9 /* Build configuration list for PBXNativeTarget "PlayWithAlphaNumericsAppTests" */ = {
			isa = XCConfigurationList;
			buildConfigurations = (
				67FF2A612AABF74D001DA3F9 /* Debug */,
				67FF2A622AABF74D001DA3F9 /* Release */,
			);
			defaultConfigurationIsVisible = 0;
			defaultConfigurationName = Release;
		};
		67FF2A632AABF74D001DA3F9 /* Build configuration list for PBXNativeTarget "PlayWithAlphaNumericsAppUITests" */ = {
			isa = XCConfigurationList;
			buildConfigurations = (
				67FF2A642AABF74D001DA3F9 /* Debug */,
				67FF2A652AABF74D001DA3F9 /* Release */,
			);
			defaultConfigurationIsVisible = 0;
			defaultConfigurationName = Release;
		};
/* End XCConfigurationList section */
	};
	rootObject = 67FF2A2B2AABF74C001DA3F9 /* Project object */;
}
